{
  "name": "krunkmemes",
  "version": "0.0.2",
  "lockfileVersion": 3,
  "requires": true,
  "packages": {
    "": {
      "name": "krunkmemes",
      "version": "0.0.2",
      "license": "MIT",
      "dependencies": {
        "krunkmemes": "^1.0.3"
      },
      "devDependencies": {}
    },
    "node_modules/krunkmemes": {
      "version": "1.0.3",
      "resolved": "https://registry.npmjs.org/krunkmemes/-/krunkmemes-1.0.3.tgz",
      "integrity": "sha512-+iBrijak9bN+vPPC5EUrETWHDkatL8takwHjc5FIw3UpXcd+7XHO10wTehswo/jTd0i77rYqkJNTDXqxrxv2nA=="
    }
  }
}
